{
  "name": "glitch-hello-react",
  "version": "0.0.3",
  "lockfileVersion": 1,
  "requires": true,
  "dependencies": {
    "@vitejs/plugin-react-refresh": {
      "version": "1.3.6",
      "dev": true,
      "requires": {
        "@babel/core": "^7.14.8",
        "@babel/plugin-transform-react-jsx-self": "^7.14.5",
        "@babel/plugin-transform-react-jsx-source": "^7.14.5",
        "@rollup/pluginutils": "^4.1.1",
        "react-refresh": "^0.10.0"
      }
    },
    "chart.js": {
      "version": "3.7.1",
      "resolved": "https://registry.npmjs.org/chart.js/-/chart.js-3.7.1.tgz",
      "integrity": "sha512-8knRegQLFnPQAheZV8MjxIXc5gQEfDFD897BJgv/klO/vtIyFFmgMXrNfgrXpbTr/XbTturxRgxIXx/Y+ASJBA=="
    },
    "react": {
      "version": "17.0.2",
      "requires": {
        "loose-envify": "^1.1.0",
        "object-assign": "^4.1.1"
      }
    },
    "react-chartjs": {
      "version": "1.2.0",
      "requires": {
        "create-react-class": "^15.6.2"
      }
    },
    "react-chartjs-2": {
      "version": "4.1.0",
      "resolved": "https://registry.npmjs.org/react-chartjs-2/-/react-chartjs-2-4.1.0.tgz",
      "integrity": "sha512-AsUihxEp8Jm1oBhbEovE+w50m9PVNhz1sfwEIT4hZduRC0m14gHWHd0cUaxkFDb8HNkdMIGzsNlmVqKiOpU74g=="
    },
    "react-dom": {
      "version": "17.0.2",
      "requires": {
        "loose-envify": "^1.1.0",
        "object-assign": "^4.1.1",
        "scheduler": "^0.20.2"
      }
    },
    "react-helmet-async": {
      "version": "1.2.3",
      "requires": {
        "@babel/runtime": "^7.12.5",
        "invariant": "^2.2.4",
        "prop-types": "^15.7.2",
        "react-fast-compare": "^3.2.0",
        "shallowequal": "^1.1.0"
      }
    },
    "react-router-dom": {
      "version": "6.3.0",
      "requires": {
        "history": "^5.2.0",
        "react-router": "6.3.0"
      }
    },
    "vite": {
      "version": "2.7.13",
      "dev": true,
      "requires": {
        "esbuild": "^0.13.12",
        "fsevents": "~2.3.2",
        "postcss": "^8.4.5",
        "resolve": "^1.20.0",
        "rollup": "^2.59.0"
      }
    }
  }
}
